
Microsoft Visual Studio Solution File, Format Version 12.00
# Visual Studio Version 17
VisualStudioVersion = 17.8.34525.116
MinimumVisualStudioVersion = 10.0.40219.1
Project("{8BC9CEB8-8B4A-11D0-8D11-00A0C91BC942}") = "Binary_tree", "Binary_tree\Binary_tree.vcxproj", "{98904F70-F2E3-455C-A514-CA4B8790765A}"
EndProject
Global
	GlobalSection(SolutionConfigurationPlatforms) = preSolution
		Debug|x64 = Debug|x64
		Debug|x86 = Debug|x86
		Release|x64 = Release|x64
		Release|x86 = Release|x86
	EndGlobalSection
	GlobalSection(ProjectConfigurationPlatforms) = postSolution
		{98904F70-F2E3-455C-A514-CA4B8790765A}.Debug|x64.ActiveCfg = Debug|x64
		{98904F70-F2E3-455C-A514-CA4B8790765A}.Debug|x64.Build.0 = Debug|x64
		{98904F70-F2E3-455C-A514-CA4B8790765A}.Debug|x86.ActiveCfg = Debug|Win32
		{98904F70-F2E3-455C-A514-CA4B8790765A}.Debug|x86.Build.0 = Debug|Win32
		{98904F70-F2E3-455C-A514-CA4B8790765A}.Release|x64.ActiveCfg = Release|x64
		{98904F70-F2E3-455C-A514-CA4B8790765A}.Release|x64.Build.0 = Release|x64
		{98904F70-F2E3-455C-A514-CA4B8790765A}.Release|x86.ActiveCfg = Release|Win32
		{98904F70-F2E3-455C-A514-CA4B8790765A}.Release|x86.Build.0 = Release|Win32
	EndGlobalSection
	GlobalSection(SolutionProperties) = preSolution
		HideSolutionNode = FALSE
	EndGlobalSection
	GlobalSection(ExtensibilityGlobals) = postSolution
		SolutionGuid = {E991AB95-1FD0-41B0-895F-B3013E127DB5}
	EndGlobalSection
EndGlobal
